// !$*UTF8*$!
{
	archiveVersion = 1;
	classes = {
	};
	objectVersion = 48;
	objects = {

/* Begin PBXBuildFile section */
		281BE5701FDF928F00A9E556 /* 0@2x.png in Resources */ = {isa = PBXBuildFile; fileRef = 281BE56E1FDF928F00A9E556 /* 0@2x.png */; };
		281BE5711FDF928F00A9E556 /* 0.png in Resources */ = {isa = PBXBuildFile; fileRef = 281BE56F1FDF928F00A9E556 /* 0.png */; };
		281BE5891FDF992300A9E556 /* 4@2x.png in Resources */ = {isa = PBXBuildFile; fileRef = 281BE5731FDF991D00A9E556 /* 4@2x.png */; };
		281BE58A1FDF992300A9E556 /* 3@2x.png in Resources */ = {isa = PBXBuildFile; fileRef = 281BE5741FDF991D00A9E556 /* 3@2x.png */; };
		281BE58B1FDF992300A9E556 /* 6.png in Resources */ = {isa = PBXBuildFile; fileRef = 281BE5751FDF991E00A9E556 /* 6.png */; };
		281BE58C1FDF992300A9E556 /* 2.png in Resources */ = {isa = PBXBuildFile; fileRef = 281BE5761FDF991E00A9E556 /* 2.png */; };
		281BE58D1FDF992300A9E556 /* 7.png in Resources */ = {isa = PBXBuildFile; fileRef = 281BE5771FDF991E00A9E556 /* 7.png */; };
		281BE58E1FDF992300A9E556 /* 9@2x.png in Resources */ = {isa = PBXBuildFile; fileRef = 281BE5781FDF991E00A9E556 /* 9@2x.png */; };
		281BE58F1FDF992300A9E556 /* 7@2x.png in Resources */ = {isa = PBXBuildFile; fileRef = 281BE5791FDF991F00A9E556 /* 7@2x.png */; };
		281BE5901FDF992300A9E556 /* 8@2x.png in Resources */ = {isa = PBXBuildFile; fileRef = 281BE57A1FDF991F00A9E556 /* 8@2x.png */; };
		281BE5911FDF992300A9E556 /* 10.png in Resources */ = {isa = PBXBuildFile; fileRef = 281BE57B1FDF991F00A9E556 /* 10.png */; };
		281BE5921FDF992300A9E556 /* 10@2x.png in Resources */ = {isa = PBXBuildFile; fileRef = 281BE57C1FDF991F00A9E556 /* 10@2x.png */; };
		281BE5931FDF992300A9E556 /* 3.png in Resources */ = {isa = PBXBuildFile; fileRef = 281BE57D1FDF991F00A9E556 /* 3.png */; };
		281BE5941FDF992300A9E556 /* 1@2x.png in Resources */ = {isa = PBXBuildFile; fileRef = 281BE57E1FDF992000A9E556 /* 1@2x.png */; };
		281BE5951FDF992300A9E556 /* 1.png in Resources */ = {isa = PBXBuildFile; fileRef = 281BE57F1FDF992000A9E556 /* 1.png */; };
		281BE5961FDF992300A9E556 /* 9.png in Resources */ = {isa = PBXBuildFile; fileRef = 281BE5801FDF992000A9E556 /* 9.png */; };
		281BE5971FDF992300A9E556 /* 11.png in Resources */ = {isa = PBXBuildFile; fileRef = 281BE5811FDF992000A9E556 /* 11.png */; };
		281BE5981FDF992300A9E556 /* 2@2x.png in Resources */ = {isa = PBXBuildFile; fileRef = 281BE5821FDF992100A9E556 /* 2@2x.png */; };
		281BE5991FDF992300A9E556 /* 4.png in Resources */ = {isa = PBXBuildFile; fileRef = 281BE5831FDF992100A9E556 /* 4.png */; };
		281BE59A1FDF992300A9E556 /* 6@2x.png in Resources */ = {isa = PBXBuildFile; fileRef = 281BE5841FDF992100A9E556 /* 6@2x.png */; };
		281BE59B1FDF992300A9E556 /* 8.png in Resources */ = {isa = PBXBuildFile; fileRef = 281BE5851FDF992200A9E556 /* 8.png */; };
		281BE59C1FDF992300A9E556 /* 11@2x.png in Resources */ = {isa = PBXBuildFile; fileRef = 281BE5861FDF992200A9E556 /* 11@2x.png */; };
		281BE59D1FDF992300A9E556 /* 5.png in Resources */ = {isa = PBXBuildFile; fileRef = 281BE5871FDF992200A9E556 /* 5.png */; };
		281BE59E1FDF992300A9E556 /* 5@2x.png in Resources */ = {isa = PBXBuildFile; fileRef = 281BE5881FDF992300A9E556 /* 5@2x.png */; };
		281BE5A01FDF9C4000A9E556 /* button.png in Resources */ = {isa = PBXBuildFile; fileRef = 281BE59F1FDF9C4000A9E556 /* button.png */; };
		281BE5A21FDF9CDC00A9E556 /* downpicture.png in Resources */ = {isa = PBXBuildFile; fileRef = 281BE5A11FDF9CDB00A9E556 /* downpicture.png */; };
		281BE5A61FE3836F00A9E556 /* up.png in Resources */ = {isa = PBXBuildFile; fileRef = 281BE5A51FE3836D00A9E556 /* up.png */; };
		28292F191FD625CC00427896 /* AppDelegate.swift in Sources */ = {isa = PBXBuildFile; fileRef = 28292F181FD625CC00427896 /* AppDelegate.swift */; };
		28292F1B1FD625CC00427896 /* ViewController.swift in Sources */ = {isa = PBXBuildFile; fileRef = 28292F1A1FD625CC00427896 /* ViewController.swift */; };
		28292F1E1FD625CC00427896 /* Main.storyboard in Resources */ = {isa = PBXBuildFile; fileRef = 28292F1C1FD625CC00427896 /* Main.storyboard */; };
		28292F231FD625CC00427896 /* LaunchScreen.storyboard in Resources */ = {isa = PBXBuildFile; fileRef = 28292F211FD625CC00427896 /* LaunchScreen.storyboard */; };
		42F2962C1FE3A89A008EA065 /* ResuleViewController.swift in Sources */ = {isa = PBXBuildFile; fileRef = 42F2962B1FE3A89A008EA065 /* ResuleViewController.swift */; };
/* End PBXBuildFile section */

/* Begin PBXFileReference section */
		281BE56E1FDF928F00A9E556 /* 0@2x.png */ = {isa = PBXFileReference; lastKnownFileType = image.png; name = "0@2x.png"; path = "zodiac-picture/0@2x.png"; sourceTree = "<group>"; };
		281BE56F1FDF928F00A9E556 /* 0.png */ = {isa = PBXFileReference; lastKnownFileType = image.png; name = 0.png; path = "zodiac-picture/0.png"; sourceTree = "<group>"; };
		281BE5721FDF954500A9E556 /* Lobster-Regular.ttf */ = {isa = PBXFileReference; lastKnownFileType = file; path = "Lobster-Regular.ttf"; sourceTree = "<group>"; };
		281BE5731FDF991D00A9E556 /* 4@2x.png */ = {isa = PBXFileReference; lastKnownFileType = image.png; name = "4@2x.png"; path = "zodiac-picture/4@2x.png"; sourceTree = "<group>"; };
		281BE5741FDF991D00A9E556 /* 3@2x.png */ = {isa = PBXFileReference; lastKnownFileType = image.png; name = "3@2x.png"; path = "zodiac-picture/3@2x.png"; sourceTree = "<group>"; };
		281BE5751FDF991E00A9E556 /* 6.png */ = {isa = PBXFileReference; lastKnownFileType = image.png; name = 6.png; path = "zodiac-picture/6.png"; sourceTree = "<group>"; };
		281BE5761FDF991E00A9E556 /* 2.png */ = {isa = PBXFileReference; lastKnownFileType = image.png; name = 2.png; path = "zodiac-picture/2.png"; sourceTree = "<group>"; };
		281BE5771FDF991E00A9E556 /* 7.png */ = {isa = PBXFileReference; lastKnownFileType = image.png; name = 7.png; path = "zodiac-picture/7.png"; sourceTree = "<group>"; };
		281BE5781FDF991E00A9E556 /* 9@2x.png */ = {isa = PBXFileReference; lastKnownFileType = image.png; name = "9@2x.png"; path = "zodiac-picture/9@2x.png"; sourceTree = "<group>"; };
		281BE5791FDF991F00A9E556 /* 7@2x.png */ = {isa = PBXFileReference; lastKnownFileType = image.png; name = "7@2x.png"; path = "zodiac-picture/7@2x.png"; sourceTree = "<group>"; };
		281BE57A1FDF991F00A9E556 /* 8@2x.png */ = {isa = PBXFileReference; lastKnownFileType = image.png; name = "8@2x.png"; path = "zodiac-picture/8@2x.png"; sourceTree = "<group>"; };
		281BE57B1FDF991F00A9E556 /* 10.png */ = {isa = PBXFileReference; lastKnownFileType = image.png; name = 10.png; path = "zodiac-picture/10.png"; sourceTree = "<group>"; };
		281BE57C1FDF991F00A9E556 /* 10@2x.png */ = {isa = PBXFileReference; lastKnownFileType = image.png; name = "10@2x.png"; path = "zodiac-picture/10@2x.png"; sourceTree = "<group>"; };
		281BE57D1FDF991F00A9E556 /* 3.png */ = {isa = PBXFileReference; lastKnownFileType = image.png; name = 3.png; path = "zodiac-picture/3.png"; sourceTree = "<group>"; };
		281BE57E1FDF992000A9E556 /* 1@2x.png */ = {isa = PBXFileReference; lastKnownFileType = image.png; name = "1@2x.png"; path = "zodiac-picture/1@2x.png"; sourceTree = "<group>"; };
		281BE57F1FDF992000A9E556 /* 1.png */ = {isa = PBXFileReference; lastKnownFileType = image.png; name = 1.png; path = "zodiac-picture/1.png"; sourceTree = "<group>"; };
		281BE5801FDF992000A9E556 /* 9.png */ = {isa = PBXFileReference; lastKnownFileType = image.png; name = 9.png; path = "zodiac-picture/9.png"; sourceTree = "<group>"; };
		281BE5811FDF992000A9E556 /* 11.png */ = {isa = PBXFileReference; lastKnownFileType = image.png; name = 11.png; path = "zodiac-picture/11.png"; sourceTree = "<group>"; };
		281BE5821FDF992100A9E556 /* 2@2x.png */ = {isa = PBXFileReference; lastKnownFileType = image.png; name = "2@2x.png"; path = "zodiac-picture/2@2x.png"; sourceTree = "<group>"; };
		281BE5831FDF992100A9E556 /* 4.png */ = {isa = PBXFileReference; lastKnownFileType = image.png; name = 4.png; path = "zodiac-picture/4.png"; sourceTree = "<group>"; };
		281BE5841FDF992100A9E556 /* 6@2x.png */ = {isa = PBXFileReference; lastKnownFileType = image.png; name = "6@2x.png"; path = "zodiac-picture/6@2x.png"; sourceTree = "<group>"; };
		281BE5851FDF992200A9E556 /* 8.png */ = {isa = PBXFileReference; lastKnownFileType = image.png; name = 8.png; path = "zodiac-picture/8.png"; sourceTree = "<group>"; };
		281BE5861FDF992200A9E556 /* 11@2x.png */ = {isa = PBXFileReference; lastKnownFileType = image.png; name = "11@2x.png"; path = "zodiac-picture/11@2x.png"; sourceTree = "<group>"; };
		281BE5871FDF992200A9E556 /* 5.png */ = {isa = PBXFileReference; lastKnownFileType = image.png; name = 5.png; path = "zodiac-picture/5.png"; sourceTree = "<group>"; };
		281BE5881FDF992300A9E556 /* 5@2x.png */ = {isa = PBXFileReference; lastKnownFileType = image.png; name = "5@2x.png"; path = "zodiac-picture/5@2x.png"; sourceTree = "<group>"; };
		281BE59F1FDF9C4000A9E556 /* button.png */ = {isa = PBXFileReference; lastKnownFileType = image.png; name = button.png; path = "zodiac-picture/button.png"; sourceTree = "<group>"; };
		281BE5A11FDF9CDB00A9E556 /* downpicture.png */ = {isa = PBXFileReference; lastKnownFileType = image.png; name = downpicture.png; path = "zodiac-picture/downpicture.png"; sourceTree = "<group>"; };
		281BE5A51FE3836D00A9E556 /* up.png */ = {isa = PBXFileReference; lastKnownFileType = image.png; path = up.png; sourceTree = "<group>"; };
		28292F151FD625CC00427896 /* ChineseZodiac.app */ = {isa = PBXFileReference; explicitFileType = wrapper.application; includeInIndex = 0; path = ChineseZodiac.app; sourceTree = BUILT_PRODUCTS_DIR; };
		28292F181FD625CC00427896 /* AppDelegate.swift */ = {isa = PBXFileReference; lastKnownFileType = sourcecode.swift; path = AppDelegate.swift; sourceTree = "<group>"; };
		28292F1A1FD625CC00427896 /* ViewController.swift */ = {isa = PBXFileReference; lastKnownFileType = sourcecode.swift; path = ViewController.swift; sourceTree = "<group>"; };
		28292F1D1FD625CC00427896 /* Base */ = {isa = PBXFileReference; lastKnownFileType = file.storyboard; name = Base; path = Base.lproj/Main.storyboard; sourceTree = "<group>"; };
		28292F221FD625CC00427896 /* Base */ = {isa = PBXFileReference; lastKnownFileType = file.storyboard; name = Base; path = Base.lproj/LaunchScreen.storyboard; sourceTree = "<group>"; };
		28292F241FD625CC00427896 /* Info.plist */ = {isa = PBXFileReference; lastKnownFileType = text.plist.xml; path = Info.plist; sourceTree = "<group>"; };
		42F2962B1FE3A89A008EA065 /* ResuleViewController.swift */ = {isa = PBXFileReference; lastKnownFileType = sourcecode.swift; path = ResuleViewController.swift; sourceTree = "<group>"; };
/* End PBXFileReference section */

/* Begin PBXFrameworksBuildPhase section */
		28292F121FD625CC00427896 /* Frameworks */ = {
			isa = PBXFrameworksBuildPhase;
			buildActionMask = 2147483647;
			files = (
			);
			runOnlyForDeploymentPostprocessing = 0;
		};
/* End PBXFrameworksBuildPhase section */

/* Begin PBXGroup section */
		28292F0C1FD625CC00427896 = {
			isa = PBXGroup;
			children = (
				28292F171FD625CC00427896 /* ChineseZodiac */,
				28292F161FD625CC00427896 /* Products */,
			);
			sourceTree = "<group>";
		};
		28292F161FD625CC00427896 /* Products */ = {
			isa = PBXGroup;
			children = (
				28292F151FD625CC00427896 /* ChineseZodiac.app */,
			);
			name = Products;
			sourceTree = "<group>";
		};
		28292F171FD625CC00427896 /* ChineseZodiac */ = {
			isa = PBXGroup;
			children = (
				281BE5A11FDF9CDB00A9E556 /* downpicture.png */,
				281BE57F1FDF992000A9E556 /* 1.png */,
				281BE57E1FDF992000A9E556 /* 1@2x.png */,
				281BE5761FDF991E00A9E556 /* 2.png */,
				281BE5821FDF992100A9E556 /* 2@2x.png */,
				281BE57D1FDF991F00A9E556 /* 3.png */,
				281BE5741FDF991D00A9E556 /* 3@2x.png */,
				281BE5831FDF992100A9E556 /* 4.png */,
				281BE5731FDF991D00A9E556 /* 4@2x.png */,
				281BE5871FDF992200A9E556 /* 5.png */,
				281BE5881FDF992300A9E556 /* 5@2x.png */,
				281BE5751FDF991E00A9E556 /* 6.png */,
				281BE5841FDF992100A9E556 /* 6@2x.png */,
				281BE5771FDF991E00A9E556 /* 7.png */,
				281BE5791FDF991F00A9E556 /* 7@2x.png */,
				281BE5851FDF992200A9E556 /* 8.png */,
				281BE57A1FDF991F00A9E556 /* 8@2x.png */,
				281BE5801FDF992000A9E556 /* 9.png */,
				281BE5781FDF991E00A9E556 /* 9@2x.png */,
				281BE57B1FDF991F00A9E556 /* 10.png */,
				281BE57C1FDF991F00A9E556 /* 10@2x.png */,
				281BE59F1FDF9C4000A9E556 /* button.png */,
				281BE5811FDF992000A9E556 /* 11.png */,
				281BE5A51FE3836D00A9E556 /* up.png */,
				281BE5861FDF992200A9E556 /* 11@2x.png */,
				281BE5721FDF954500A9E556 /* Lobster-Regular.ttf */,
				281BE56F1FDF928F00A9E556 /* 0.png */,
				281BE56E1FDF928F00A9E556 /* 0@2x.png */,
				28292F181FD625CC00427896 /* AppDelegate.swift */,
				28292F1A1FD625CC00427896 /* ViewController.swift */,
				28292F1C1FD625CC00427896 /* Main.storyboard */,
				42F2962B1FE3A89A008EA065 /* ResuleViewController.swift */,
				28292F211FD625CC00427896 /* LaunchScreen.storyboard */,
				28292F241FD625CC00427896 /* Info.plist */,
			);
			path = ChineseZodiac;
			sourceTree = "<group>";
		};
/* End PBXGroup section */

/* Begin PBXNativeTarget section */
		28292F141FD625CC00427896 /* ChineseZodiac */ = {
			isa = PBXNativeTarget;
			buildConfigurationList = 28292F271FD625CC00427896 /* Build configuration list for PBXNativeTarget "ChineseZodiac" */;
			buildPhases = (
				28292F111FD625CC00427896 /* Sources */,
				28292F121FD625CC00427896 /* Frameworks */,
				28292F131FD625CC00427896 /* Resources */,
			);
			buildRules = (
			);
			dependencies = (
			);
			name = ChineseZodiac;
			productName = ChineseZodiac;
			productReference = 28292F151FD625CC00427896 /* ChineseZodiac.app */;
			productType = "com.apple.product-type.application";
		};
/* End PBXNativeTarget section */

/* Begin PBXProject section */
		28292F0D1FD625CC00427896 /* Project object */ = {
			isa = PBXProject;
			attributes = {
				LastSwiftUpdateCheck = 0910;
				LastUpgradeCheck = 0910;
				ORGANIZATIONNAME = "Academy of Art";
				TargetAttributes = {
					28292F141FD625CC00427896 = {
						CreatedOnToolsVersion = 9.1;
						ProvisioningStyle = Automatic;
					};
				};
			};
			buildConfigurationList = 28292F101FD625CC00427896 /* Build configuration list for PBXProject "ChineseZodiac" */;
			compatibilityVersion = "Xcode 8.0";
			developmentRegion = en;
			hasScannedForEncodings = 0;
			knownRegions = (
				en,
				Base,
			);
			mainGroup = 28292F0C1FD625CC00427896;
			productRefGroup = 28292F161FD625CC00427896 /* Products */;
			projectDirPath = "";
			projectRoot = "";
			targets = (
				28292F141FD625CC00427896 /* ChineseZodiac */,
			);
		};
/* End PBXProject section */

/* Begin PBXResourcesBuildPhase section */
		28292F131FD625CC00427896 /* Resources */ = {
			isa = PBXResourcesBuildPhase;
			buildActionMask = 2147483647;
			files = (
				281BE59B1FDF992300A9E556 /* 8.png in Resources */,
				281BE5931FDF992300A9E556 /* 3.png in Resources */,
				281BE5951FDF992300A9E556 /* 1.png in Resources */,
				281BE5911FDF992300A9E556 /* 10.png in Resources */,
				281BE59E1FDF992300A9E556 /* 5@2x.png in Resources */,
				281BE5961FDF992300A9E556 /* 9.png in Resources */,
				281BE5921FDF992300A9E556 /* 10@2x.png in Resources */,
				281BE5A01FDF9C4000A9E556 /* button.png in Resources */,
				281BE58D1FDF992300A9E556 /* 7.png in Resources */,
				281BE58B1FDF992300A9E556 /* 6.png in Resources */,
				281BE59A1FDF992300A9E556 /* 6@2x.png in Resources */,
				281BE5981FDF992300A9E556 /* 2@2x.png in Resources */,
				281BE58E1FDF992300A9E556 /* 9@2x.png in Resources */,
				281BE59D1FDF992300A9E556 /* 5.png in Resources */,
				281BE5971FDF992300A9E556 /* 11.png in Resources */,
				281BE5941FDF992300A9E556 /* 1@2x.png in Resources */,
				281BE58A1FDF992300A9E556 /* 3@2x.png in Resources */,
				281BE58F1FDF992300A9E556 /* 7@2x.png in Resources */,
				281BE5A61FE3836F00A9E556 /* up.png in Resources */,
				281BE58C1FDF992300A9E556 /* 2.png in Resources */,
				281BE59C1FDF992300A9E556 /* 11@2x.png in Resources */,
				28292F231FD625CC00427896 /* LaunchScreen.storyboard in Resources */,
				281BE5991FDF992300A9E556 /* 4.png in Resources */,
				281BE5A21FDF9CDC00A9E556 /* downpicture.png in Resources */,
				281BE5711FDF928F00A9E556 /* 0.png in Resources */,
				281BE5891FDF992300A9E556 /* 4@2x.png in Resources */,
				281BE5901FDF992300A9E556 /* 8@2x.png in Resources */,
				281BE5701FDF928F00A9E556 /* 0@2x.png in Resources */,
				28292F1E1FD625CC00427896 /* Main.storyboard in Resources */,
			);
			runOnlyForDeploymentPostprocessing = 0;
		};
/* End PBXResourcesBuildPhase section */

/* Begin PBXSourcesBuildPhase section */
		28292F111FD625CC00427896 /* Sources */ = {
			isa = PBXSourcesBuildPhase;
			buildActionMask = 2147483647;
			files = (
				28292F1B1FD625CC00427896 /* ViewController.swift in Sources */,
				28292F191FD625CC00427896 /* AppDelegate.swift in Sources */,
				42F2962C1FE3A89A008EA065 /* ResuleViewController.swift in Sources */,
			);
			runOnlyForDeploymentPostprocessing = 0;
		};
/* End PBXSourcesBuildPhase section */

/* Begin PBXVariantGroup section */
		28292F1C1FD625CC00427896 /* Main.storyboard */ = {
			isa = PBXVariantGroup;
			children = (
				28292F1D1FD625CC00427896 /* Base */,
			);
			name = Main.storyboard;
			sourceTree = "<group>";
		};
		28292F211FD625CC00427896 /* LaunchScreen.storyboard */ = {
			isa = PBXVariantGroup;
			children = (
				28292F221FD625CC00427896 /* Base */,
			);
			name = LaunchScreen.storyboard;
			sourceTree = "<group>";
		};
/* End PBXVariantGroup section */

/* Begin XCBuildConfiguration section */
		28292F251FD625CC00427896 /* Debug */ = {
			isa = XCBuildConfiguration;
			buildSettings = {
				ALWAYS_SEARCH_USER_PATHS = NO;
				CLANG_ANALYZER_NONNULL = YES;
				CLANG_ANALYZER_NUMBER_OBJECT_CONVERSION = YES_AGGRESSIVE;
				CLANG_CXX_LANGUAGE_STANDARD = "gnu++14";
				CLANG_CXX_LIBRARY = "libc++";
				CLANG_ENABLE_MODULES = YES;
				CLANG_ENABLE_OBJC_ARC = YES;
				CLANG_WARN_BLOCK_CAPTURE_AUTORELEASING = YES;
				CLANG_WARN_BOOL_CONVERSION = YES;
				CLANG_WARN_COMMA = YES;
				CLANG_WARN_CONSTANT_CONVERSION = YES;
				CLANG_WARN_DIRECT_OBJC_ISA_USAGE = YES_ERROR;
				CLANG_WARN_DOCUMENTATION_COMMENTS = YES;
				CLANG_WARN_EMPTY_BODY = YES;
				CLANG_WARN_ENUM_CONVERSION = YES;
				CLANG_WARN_INFINITE_RECURSION = YES;
				CLANG_WARN_INT_CONVERSION = YES;
				CLANG_WARN_NON_LITERAL_NULL_CONVERSION = YES;
				CLANG_WARN_OBJC_LITERAL_CONVERSION = YES;
				CLANG_WARN_OBJC_ROOT_CLASS = YES_ERROR;
				CLANG_WARN_RANGE_LOOP_ANALYSIS = YES;
				CLANG_WARN_STRICT_PROTOTYPES = YES;
				CLANG_WARN_SUSPICIOUS_MOVE = YES;
				CLANG_WARN_UNGUARDED_AVAILABILITY = YES_AGGRESSIVE;
				CLANG_WARN_UNREACHABLE_CODE = YES;
				CLANG_WARN__DUPLICATE_METHOD_MATCH = YES;
				CODE_SIGN_IDENTITY = "iPhone Developer";
				COPY_PHASE_STRIP = NO;
				DEBUG_INFORMATION_FORMAT = dwarf;
				ENABLE_STRICT_OBJC_MSGSEND = YES;
				ENABLE_TESTABILITY = YES;
				GCC_C_LANGUAGE_STANDARD = gnu11;
				GCC_DYNAMIC_NO_PIC = NO;
				GCC_NO_COMMON_BLOCKS = YES;
				GCC_OPTIMIZATION_LEVEL = 0;
				GCC_PREPROCESSOR_DEFINITIONS = (
					"DEBUG=1",
					"$(inherited)",
				);
				GCC_WARN_64_TO_32_BIT_CONVERSION = YES;
				GCC_WARN_ABOUT_RETURN_TYPE = YES_ERROR;
				GCC_WARN_UNDECLARED_SELECTOR = YES;
				GCC_WARN_UNINITIALIZED_AUTOS = YES_AGGRESSIVE;
				GCC_WARN_UNUSED_FUNCTION = YES;
				GCC_WARN_UNUSED_VARIABLE = YES;
				IPHONEOS_DEPLOYMENT_TARGET = 11.1;
				MTL_ENABLE_DEBUG_INFO = YES;
				ONLY_ACTIVE_ARCH = YES;
				SDKROOT = iphoneos;
				SWIFT_ACTIVE_COMPILATION_CONDITIONS = DEBUG;
				SWIFT_OPTIMIZATION_LEVEL = "-Onone";
			};
			name = Debug;
		};
		28292F261FD625CC00427896 /* Release */ = {
			isa = XCBuildConfiguration;
			buildSettings = {
				ALWAYS_SEARCH_USER_PATHS = NO;
				CLANG_ANALYZER_NONNULL = YES;
				CLANG_ANALYZER_NUMBER_OBJECT_CONVERSION = YES_AGGRESSIVE;
				CLANG_CXX_LANGUAGE_STANDARD = "gnu++14";
				CLANG_CXX_LIBRARY = "libc++";
				CLANG_ENABLE_MODULES = YES;
				CLANG_ENABLE_OBJC_ARC = YES;
				CLANG_WARN_BLOCK_CAPTURE_AUTORELEASING = YES;
				CLANG_WARN_BOOL_CONVERSION = YES;
				CLANG_WARN_COMMA = YES;
				CLANG_WARN_CONSTANT_CONVERSION = YES;
				CLANG_WARN_DIRECT_OBJC_ISA_USAGE = YES_ERROR;
				CLANG_WARN_DOCUMENTATION_COMMENTS = YES;
				CLANG_WARN_EMPTY_BODY = YES;
				CLANG_WARN_ENUM_CONVERSION = YES;
				CLANG_WARN_INFINITE_RECURSION = YES;
				CLANG_WARN_INT_CONVERSION = YES;
				CLANG_WARN_NON_LITERAL_NULL_CONVERSION = YES;
				CLANG_WARN_OBJC_LITERAL_CONVERSION = YES;
				CLANG_WARN_OBJC_ROOT_CLASS = YES_ERROR;
				CLANG_WARN_RANGE_LOOP_ANALYSIS = YES;
				CLANG_WARN_STRICT_PROTOTYPES = YES;
				CLANG_WARN_SUSPICIOUS_MOVE = YES;
				CLANG_WARN_UNGUARDED_AVAILABILITY = YES_AGGRESSIVE;
				CLANG_WARN_UNREACHABLE_CODE = YES;
				CLANG_WARN__DUPLICATE_METHOD_MATCH = YES;
				CODE_SIGN_IDENTITY = "iPhone Developer";
				COPY_PHASE_STRIP = NO;
				DEBUG_INFORMATION_FORMAT = "dwarf-with-dsym";
				ENABLE_NS_ASSERTIONS = NO;
				ENABLE_STRICT_OBJC_MSGSEND = YES;
				GCC_C_LANGUAGE_STANDARD = gnu11;
				GCC_NO_COMMON_BLOCKS = YES;
				GCC_WARN_64_TO_32_BIT_CONVERSION = YES;
				GCC_WARN_ABOUT_RETURN_TYPE = YES_ERROR;
				GCC_WARN_UNDECLARED_SELECTOR = YES;
				GCC_WARN_UNINITIALIZED_AUTOS = YES_AGGRESSIVE;
				GCC_WARN_UNUSED_FUNCTION = YES;
				GCC_WARN_UNUSED_VARIABLE = YES;
				IPHONEOS_DEPLOYMENT_TARGET = 11.1;
				MTL_ENABLE_DEBUG_INFO = NO;
				SDKROOT = iphoneos;
				SWIFT_OPTIMIZATION_LEVEL = "-Owholemodule";
				VALIDATE_PRODUCT = YES;
			};
			name = Release;
		};
		28292F281FD625CC00427896 /* Debug */ = {
			isa = XCBuildConfiguration;
			buildSettings = {
				ASSETCATALOG_COMPILER_APPICON_NAME = AppIcon;
				CODE_SIGN_STYLE = Automatic;
				DEVELOPMENT_TEAM = JT89GDCBG3;
				INFOPLIST_FILE = ChineseZodiac/Info.plist;
				LD_RUNPATH_SEARCH_PATHS = "$(inherited) @executable_path/Frameworks";
				PRODUCT_BUNDLE_IDENTIFIER = edu.artacademy.ChineseZodiac;
				PRODUCT_NAME = "$(TARGET_NAME)";
				SWIFT_VERSION = 4.0;
				TARGETED_DEVICE_FAMILY = "1,2";
			};
			name = Debug;
		};
		28292F291FD625CC00427896 /* Release */ = {
			isa = XCBuildConfiguration;
			buildSettings = {
				ASSETCATALOG_COMPILER_APPICON_NAME = AppIcon;
				CODE_SIGN_STYLE = Automatic;
				DEVELOPMENT_TEAM = JT89GDCBG3;
				INFOPLIST_FILE = ChineseZodiac/Info.plist;
				LD_RUNPATH_SEARCH_PATHS = "$(inherited) @executable_path/Frameworks";
				PRODUCT_BUNDLE_IDENTIFIER = edu.artacademy.ChineseZodiac;
				PRODUCT_NAME = "$(TARGET_NAME)";
				SWIFT_VERSION = 4.0;
				TARGETED_DEVICE_FAMILY = "1,2";
			};
			name = Release;
		};
/* End XCBuildConfiguration section */

/* Begin XCConfigurationList section */
		28292F101FD625CC00427896 /* Build configuration list for PBXProject "ChineseZodiac" */ = {
			isa = XCConfigurationList;
			buildConfigurations = (
				28292F251FD625CC00427896 /* Debug */,
				28292F261FD625CC00427896 /* Release */,
			);
			defaultConfigurationIsVisible = 0;
			defaultConfigurationName = Release;
		};
		28292F271FD625CC00427896 /* Build configuration list for PBXNativeTarget "ChineseZodiac" */ = {
			isa = XCConfigurationList;
			buildConfigurations = (
				28292F281FD625CC00427896 /* Debug */,
				28292F291FD625CC00427896 /* Release */,
			);
			defaultConfigurationIsVisible = 0;
			defaultConfigurationName = Release;
		};
/* End XCConfigurationList section */
	};
	rootObject = 28292F0D1FD625CC00427896 /* Project object */;
}
